// !$*UTF8*$!
{
	archiveVersion = 1;
	classes = {
	};
	objectVersion = 55;
	objects = {

/* Begin PBXBuildFile section */
		D740615228056C770025072E /* one_two_treeApp.swift in Sources */ = {isa = PBXBuildFile; fileRef = D740615128056C770025072E /* one_two_treeApp.swift */; };
		D740615428056C770025072E /* ContentView.swift in Sources */ = {isa = PBXBuildFile; fileRef = D740615328056C770025072E /* ContentView.swift */; };
		D740615628056C780025072E /* Assets.xcassets in Resources */ = {isa = PBXBuildFile; fileRef = D740615528056C780025072E /* Assets.xcassets */; };
		D740615928056C780025072E /* Preview Assets.xcassets in Resources */ = {isa = PBXBuildFile; fileRef = D740615828056C780025072E /* Preview Assets.xcassets */; };
		D740615B28056C780025072E /* Persistence.swift in Sources */ = {isa = PBXBuildFile; fileRef = D740615A28056C780025072E /* Persistence.swift */; };
		D740615E28056C780025072E /* one_two_tree.xcdatamodeld in Sources */ = {isa = PBXBuildFile; fileRef = D740615C28056C780025072E /* one_two_tree.xcdatamodeld */; };
		D7406166280595520025072E /* ForestView.swift in Sources */ = {isa = PBXBuildFile; fileRef = D7406165280595520025072E /* ForestView.swift */; };
		D7406168280595770025072E /* Home.swift in Sources */ = {isa = PBXBuildFile; fileRef = D7406167280595770025072E /* Home.swift */; };
		D740616A280595800025072E /* WebView.swift in Sources */ = {isa = PBXBuildFile; fileRef = D7406169280595800025072E /* WebView.swift */; };
		D740616D2805959F0025072E /* PageViewModel.swift in Sources */ = {isa = PBXBuildFile; fileRef = D740616C2805959F0025072E /* PageViewModel.swift */; };
		D740616F280595C50025072E /* Page.swift in Sources */ = {isa = PBXBuildFile; fileRef = D740616E280595C50025072E /* Page.swift */; };
		D7406171280595FD0025072E /* treeinfo.swift in Sources */ = {isa = PBXBuildFile; fileRef = D7406170280595FD0025072E /* treeinfo.swift */; };
		D74061732805966E0025072E /* TreeCreate.swift in Sources */ = {isa = PBXBuildFile; fileRef = D74061722805966E0025072E /* TreeCreate.swift */; };
/* End PBXBuildFile section */

/* Begin PBXFileReference section */
		D740614E28056C770025072E /* one.two.tree.app */ = {isa = PBXFileReference; explicitFileType = wrapper.application; includeInIndex = 0; path = one.two.tree.app; sourceTree = BUILT_PRODUCTS_DIR; };
		D740615128056C770025072E /* one_two_treeApp.swift */ = {isa = PBXFileReference; lastKnownFileType = sourcecode.swift; path = one_two_treeApp.swift; sourceTree = "<group>"; };
		D740615328056C770025072E /* ContentView.swift */ = {isa = PBXFileReference; lastKnownFileType = sourcecode.swift; path = ContentView.swift; sourceTree = "<group>"; };
		D740615528056C780025072E /* Assets.xcassets */ = {isa = PBXFileReference; lastKnownFileType = folder.assetcatalog; path = Assets.xcassets; sourceTree = "<group>"; };
		D740615828056C780025072E /* Preview Assets.xcassets */ = {isa = PBXFileReference; lastKnownFileType = folder.assetcatalog; path = "Preview Assets.xcassets"; sourceTree = "<group>"; };
		D740615A28056C780025072E /* Persistence.swift */ = {isa = PBXFileReference; lastKnownFileType = sourcecode.swift; path = Persistence.swift; sourceTree = "<group>"; };
		D740615D28056C780025072E /* one_two_tree.xcdatamodel */ = {isa = PBXFileReference; lastKnownFileType = wrapper.xcdatamodel; path = one_two_tree.xcdatamodel; sourceTree = "<group>"; };
		D7406165280595520025072E /* ForestView.swift */ = {isa = PBXFileReference; fileEncoding = 4; lastKnownFileType = sourcecode.swift; path = ForestView.swift; sourceTree = "<group>"; };
		D7406167280595770025072E /* Home.swift */ = {isa = PBXFileReference; fileEncoding = 4; lastKnownFileType = sourcecode.swift; path = Home.swift; sourceTree = "<group>"; };
		D7406169280595800025072E /* WebView.swift */ = {isa = PBXFileReference; fileEncoding = 4; lastKnownFileType = sourcecode.swift; path = WebView.swift; sourceTree = "<group>"; };
		D740616C2805959F0025072E /* PageViewModel.swift */ = {isa = PBXFileReference; fileEncoding = 4; lastKnownFileType = sourcecode.swift; path = PageViewModel.swift; sourceTree = "<group>"; };
		D740616E280595C50025072E /* Page.swift */ = {isa = PBXFileReference; fileEncoding = 4; lastKnownFileType = sourcecode.swift; path = Page.swift; sourceTree = "<group>"; };
		D7406170280595FD0025072E /* treeinfo.swift */ = {isa = PBXFileReference; fileEncoding = 4; lastKnownFileType = sourcecode.swift; path = treeinfo.swift; sourceTree = "<group>"; };
		D74061722805966E0025072E /* TreeCreate.swift */ = {isa = PBXFileReference; fileEncoding = 4; lastKnownFileType = sourcecode.swift; path = TreeCreate.swift; sourceTree = "<group>"; };
/* End PBXFileReference section */

/* Begin PBXFrameworksBuildPhase section */
		D740614B28056C770025072E /* Frameworks */ = {
			isa = PBXFrameworksBuildPhase;
			buildActionMask = 2147483647;
			files = (
			);
			runOnlyForDeploymentPostprocessing = 0;
		};
/* End PBXFrameworksBuildPhase section */

/* Begin PBXGroup section */
		D740614528056C770025072E = {
			isa = PBXGroup;
			children = (
				D740615028056C770025072E /* one.two.tree */,
				D740614F28056C770025072E /* Products */,
			);
			sourceTree = "<group>";
		};
		D740614F28056C770025072E /* Products */ = {
			isa = PBXGroup;
			children = (
				D740614E28056C770025072E /* one.two.tree.app */,
			);
			name = Products;
			sourceTree = "<group>";
		};
		D740615028056C770025072E /* one.two.tree */ = {
			isa = PBXGroup;
			children = (
				D740615128056C770025072E /* one_two_treeApp.swift */,
				D740615328056C770025072E /* ContentView.swift */,
				D740616B2805958C0025072E /* ViewModel */,
				D7406164280595260025072E /* View */,
				D740615528056C780025072E /* Assets.xcassets */,
				D740616E280595C50025072E /* Page.swift */,
				D740615A28056C780025072E /* Persistence.swift */,
				D740615C28056C780025072E /* one_two_tree.xcdatamodeld */,
				D740615728056C780025072E /* Preview Content */,
			);
			path = one.two.tree;
			sourceTree = "<group>";
		};
		D740615728056C780025072E /* Preview Content */ = {
			isa = PBXGroup;
			children = (
				D740615828056C780025072E /* Preview Assets.xcassets */,
			);
			path = "Preview Content";
			sourceTree = "<group>";
		};
		D7406164280595260025072E /* View */ = {
			isa = PBXGroup;
			children = (
				D74061722805966E0025072E /* TreeCreate.swift */,
				D7406169280595800025072E /* WebView.swift */,
				D7406167280595770025072E /* Home.swift */,
				D7406165280595520025072E /* ForestView.swift */,
				D7406170280595FD0025072E /* treeinfo.swift */,
			);
			path = View;
			sourceTree = "<group>";
		};
		D740616B2805958C0025072E /* ViewModel */ = {
			isa = PBXGroup;
			children = (
				D740616C2805959F0025072E /* PageViewModel.swift */,
			);
			path = ViewModel;
			sourceTree = "<group>";
		};
/* End PBXGroup section */

/* Begin PBXNativeTarget section */
		D740614D28056C770025072E /* one.two.tree */ = {
			isa = PBXNativeTarget;
			buildConfigurationList = D740616128056C780025072E /* Build configuration list for PBXNativeTarget "one.two.tree" */;
			buildPhases = (
				D740614A28056C770025072E /* Sources */,
				D740614B28056C770025072E /* Frameworks */,
				D740614C28056C770025072E /* Resources */,
			);
			buildRules = (
			);
			dependencies = (
			);
			name = one.two.tree;
			productName = one.two.tree;
			productReference = D740614E28056C770025072E /* one.two.tree.app */;
			productType = "com.apple.product-type.application";
		};
/* End PBXNativeTarget section */

/* Begin PBXProject section */
		D740614628056C770025072E /* Project object */ = {
			isa = PBXProject;
			attributes = {
				BuildIndependentTargetsInParallel = 1;
				LastSwiftUpdateCheck = 1330;
				LastUpgradeCheck = 1330;
				TargetAttributes = {
					D740614D28056C770025072E = {
						CreatedOnToolsVersion = 13.3;
					};
				};
			};
			buildConfigurationList = D740614928056C770025072E /* Build configuration list for PBXProject "one.two.tree" */;
			compatibilityVersion = "Xcode 13.0";
			developmentRegion = en;
			hasScannedForEncodings = 0;
			knownRegions = (
				en,
				Base,
			);
			mainGroup = D740614528056C770025072E;
			productRefGroup = D740614F28056C770025072E /* Products */;
			projectDirPath = "";
			projectRoot = "";
			targets = (
				D740614D28056C770025072E /* one.two.tree */,
			);
		};
/* End PBXProject section */

/* Begin PBXResourcesBuildPhase section */
		D740614C28056C770025072E /* Resources */ = {
			isa = PBXResourcesBuildPhase;
			buildActionMask = 2147483647;
			files = (
				D740615928056C780025072E /* Preview Assets.xcassets in Resources */,
				D740615628056C780025072E /* Assets.xcassets in Resources */,
			);
			runOnlyForDeploymentPostprocessing = 0;
		};
/* End PBXResourcesBuildPhase section */

/* Begin PBXSourcesBuildPhase section */
		D740614A28056C770025072E /* Sources */ = {
			isa = PBXSourcesBuildPhase;
			buildActionMask = 2147483647;
			files = (
				D74061732805966E0025072E /* TreeCreate.swift in Sources */,
				D740615B28056C780025072E /* Persistence.swift in Sources */,
				D740615428056C770025072E /* ContentView.swift in Sources */,
				D740615228056C770025072E /* one_two_treeApp.swift in Sources */,
				D7406166280595520025072E /* ForestView.swift in Sources */,
				D7406168280595770025072E /* Home.swift in Sources */,
				D740616F280595C50025072E /* Page.swift in Sources */,
				D740615E28056C780025072E /* one_two_tree.xcdatamodeld in Sources */,
				D740616A280595800025072E /* WebView.swift in Sources */,
				D740616D2805959F0025072E /* PageViewModel.swift in Sources */,
				D7406171280595FD0025072E /* treeinfo.swift in Sources */,
			);
			runOnlyForDeploymentPostprocessing = 0;
		};
/* End PBXSourcesBuildPhase section */

/* Begin XCBuildConfiguration section */
		D740615F28056C780025072E /* Debug */ = {
			isa = XCBuildConfiguration;
			buildSettings = {
				ALWAYS_SEARCH_USER_PATHS = NO;
				CLANG_ANALYZER_NONNULL = YES;
				CLANG_ANALYZER_NUMBER_OBJECT_CONVERSION = YES_AGGRESSIVE;
				CLANG_CXX_LANGUAGE_STANDARD = "gnu++17";
				CLANG_ENABLE_MODULES = YES;
				CLANG_ENABLE_OBJC_ARC = YES;
				CLANG_ENABLE_OBJC_WEAK = YES;
				CLANG_WARN_BLOCK_CAPTURE_AUTORELEASING = YES;
				CLANG_WARN_BOOL_CONVERSION = YES;
				CLANG_WARN_COMMA = YES;
				CLANG_WARN_CONSTANT_CONVERSION = YES;
				CLANG_WARN_DEPRECATED_OBJC_IMPLEMENTATIONS = YES;
				CLANG_WARN_DIRECT_OBJC_ISA_USAGE = YES_ERROR;
				CLANG_WARN_DOCUMENTATION_COMMENTS = YES;
				CLANG_WARN_EMPTY_BODY = YES;
				CLANG_WARN_ENUM_CONVERSION = YES;
				CLANG_WARN_INFINITE_RECURSION = YES;
				CLANG_WARN_INT_CONVERSION = YES;
				CLANG_WARN_NON_LITERAL_NULL_CONVERSION = YES;
				CLANG_WARN_OBJC_IMPLICIT_RETAIN_SELF = YES;
				CLANG_WARN_OBJC_LITERAL_CONVERSION = YES;
				CLANG_WARN_OBJC_ROOT_CLASS = YES_ERROR;
				CLANG_WARN_QUOTED_INCLUDE_IN_FRAMEWORK_HEADER = YES;
				CLANG_WARN_RANGE_LOOP_ANALYSIS = YES;
				CLANG_WARN_STRICT_PROTOTYPES = YES;
				CLANG_WARN_SUSPICIOUS_MOVE = YES;
				CLANG_WARN_UNGUARDED_AVAILABILITY = YES_AGGRESSIVE;
				CLANG_WARN_UNREACHABLE_CODE = YES;
				CLANG_WARN__DUPLICATE_METHOD_MATCH = YES;
				COPY_PHASE_STRIP = NO;
				DEBUG_INFORMATION_FORMAT = dwarf;
				ENABLE_STRICT_OBJC_MSGSEND = YES;
				ENABLE_TESTABILITY = YES;
				GCC_C_LANGUAGE_STANDARD = gnu11;
				GCC_DYNAMIC_NO_PIC = NO;
				GCC_NO_COMMON_BLOCKS = YES;
				GCC_OPTIMIZATION_LEVEL = 0;
				GCC_PREPROCESSOR_DEFINITIONS = (
					"DEBUG=1",
					"$(inherited)",
				);
				GCC_WARN_64_TO_32_BIT_CONVERSION = YES;
				GCC_WARN_ABOUT_RETURN_TYPE = YES_ERROR;
				GCC_WARN_UNDECLARED_SELECTOR = YES;
				GCC_WARN_UNINITIALIZED_AUTOS = YES_AGGRESSIVE;
				GCC_WARN_UNUSED_FUNCTION = YES;
				GCC_WARN_UNUSED_VARIABLE = YES;
				IPHONEOS_DEPLOYMENT_TARGET = 15.4;
				MTL_ENABLE_DEBUG_INFO = INCLUDE_SOURCE;
				MTL_FAST_MATH = YES;
				ONLY_ACTIVE_ARCH = YES;
				SDKROOT = iphoneos;
				SWIFT_ACTIVE_COMPILATION_CONDITIONS = DEBUG;
				SWIFT_OPTIMIZATION_LEVEL = "-Onone";
			};
			name = Debug;
		};
		D740616028056C780025072E /* Release */ = {
			isa = XCBuildConfiguration;
			buildSettings = {
				ALWAYS_SEARCH_USER_PATHS = NO;
				CLANG_ANALYZER_NONNULL = YES;
				CLANG_ANALYZER_NUMBER_OBJECT_CONVERSION = YES_AGGRESSIVE;
				CLANG_CXX_LANGUAGE_STANDARD = "gnu++17";
				CLANG_ENABLE_MODULES = YES;
				CLANG_ENABLE_OBJC_ARC = YES;
				CLANG_ENABLE_OBJC_WEAK = YES;
				CLANG_WARN_BLOCK_CAPTURE_AUTORELEASING = YES;
				CLANG_WARN_BOOL_CONVERSION = YES;
				CLANG_WARN_COMMA = YES;
				CLANG_WARN_CONSTANT_CONVERSION = YES;
				CLANG_WARN_DEPRECATED_OBJC_IMPLEMENTATIONS = YES;
				CLANG_WARN_DIRECT_OBJC_ISA_USAGE = YES_ERROR;
				CLANG_WARN_DOCUMENTATION_COMMENTS = YES;
				CLANG_WARN_EMPTY_BODY = YES;
				CLANG_WARN_ENUM_CONVERSION = YES;
				CLANG_WARN_INFINITE_RECURSION = YES;
				CLANG_WARN_INT_CONVERSION = YES;
				CLANG_WARN_NON_LITERAL_NULL_CONVERSION = YES;
				CLANG_WARN_OBJC_IMPLICIT_RETAIN_SELF = YES;
				CLANG_WARN_OBJC_LITERAL_CONVERSION = YES;
				CLANG_WARN_OBJC_ROOT_CLASS = YES_ERROR;
				CLANG_WARN_QUOTED_INCLUDE_IN_FRAMEWORK_HEADER = YES;
				CLANG_WARN_RANGE_LOOP_ANALYSIS = YES;
				CLANG_WARN_STRICT_PROTOTYPES = YES;
				CLANG_WARN_SUSPICIOUS_MOVE = YES;
				CLANG_WARN_UNGUARDED_AVAILABILITY = YES_AGGRESSIVE;
				CLANG_WARN_UNREACHABLE_CODE = YES;
				CLANG_WARN__DUPLICATE_METHOD_MATCH = YES;
				COPY_PHASE_STRIP = NO;
				DEBUG_INFORMATION_FORMAT = "dwarf-with-dsym";
				ENABLE_NS_ASSERTIONS = NO;
				ENABLE_STRICT_OBJC_MSGSEND = YES;
				GCC_C_LANGUAGE_STANDARD = gnu11;
				GCC_NO_COMMON_BLOCKS = YES;
				GCC_WARN_64_TO_32_BIT_CONVERSION = YES;
				GCC_WARN_ABOUT_RETURN_TYPE = YES_ERROR;
				GCC_WARN_UNDECLARED_SELECTOR = YES;
				GCC_WARN_UNINITIALIZED_AUTOS = YES_AGGRESSIVE;
				GCC_WARN_UNUSED_FUNCTION = YES;
				GCC_WARN_UNUSED_VARIABLE = YES;
				IPHONEOS_DEPLOYMENT_TARGET = 15.4;
				MTL_ENABLE_DEBUG_INFO = NO;
				MTL_FAST_MATH = YES;
				SDKROOT = iphoneos;
				SWIFT_COMPILATION_MODE = wholemodule;
				SWIFT_OPTIMIZATION_LEVEL = "-O";
				VALIDATE_PRODUCT = YES;
			};
			name = Release;
		};
		D740616228056C780025072E /* Debug */ = {
			isa = XCBuildConfiguration;
			buildSettings = {
				ASSETCATALOG_COMPILER_APPICON_NAME = AppIcon;
				ASSETCATALOG_COMPILER_GLOBAL_ACCENT_COLOR_NAME = AccentColor;
				CODE_SIGN_STYLE = Automatic;
				CURRENT_PROJECT_VERSION = 1;
				DEVELOPMENT_ASSET_PATHS = "\"one.two.tree/Preview Content\"";
				DEVELOPMENT_TEAM = S2A2JAHX9A;
				ENABLE_PREVIEWS = YES;
				GENERATE_INFOPLIST_FILE = YES;
				INFOPLIST_KEY_UIApplicationSceneManifest_Generation = YES;
				INFOPLIST_KEY_UIApplicationSupportsIndirectInputEvents = YES;
				INFOPLIST_KEY_UILaunchScreen_Generation = YES;
				INFOPLIST_KEY_UISupportedInterfaceOrientations_iPad = "UIInterfaceOrientationPortrait UIInterfaceOrientationPortraitUpsideDown UIInterfaceOrientationLandscapeLeft UIInterfaceOrientationLandscapeRight";
				INFOPLIST_KEY_UISupportedInterfaceOrientations_iPhone = "UIInterfaceOrientationPortrait UIInterfaceOrientationLandscapeLeft UIInterfaceOrientationLandscapeRight";
				LD_RUNPATH_SEARCH_PATHS = (
					"$(inherited)",
					"@executable_path/Frameworks",
				);
				MARKETING_VERSION = 1.0;
				PRODUCT_BUNDLE_IDENTIFIER = "com.journey.one-two-tree";
				PRODUCT_NAME = "$(TARGET_NAME)";
				SWIFT_EMIT_LOC_STRINGS = YES;
				SWIFT_VERSION = 5.0;
				TARGETED_DEVICE_FAMILY = "1,2";
			};
			name = Debug;
		};
		D740616328056C780025072E /* Release */ = {
			isa = XCBuildConfiguration;
			buildSettings = {
				ASSETCATALOG_COMPILER_APPICON_NAME = AppIcon;
				ASSETCATALOG_COMPILER_GLOBAL_ACCENT_COLOR_NAME = AccentColor;
				CODE_SIGN_STYLE = Automatic;
				CURRENT_PROJECT_VERSION = 1;
				DEVELOPMENT_ASSET_PATHS = "\"one.two.tree/Preview Content\"";
				DEVELOPMENT_TEAM = S2A2JAHX9A;
				ENABLE_PREVIEWS = YES;
				GENERATE_INFOPLIST_FILE = YES;
				INFOPLIST_KEY_UIApplicationSceneManifest_Generation = YES;
				INFOPLIST_KEY_UIApplicationSupportsIndirectInputEvents = YES;
				INFOPLIST_KEY_UILaunchScreen_Generation = YES;
				INFOPLIST_KEY_UISupportedInterfaceOrientations_iPad = "UIInterfaceOrientationPortrait UIInterfaceOrientationPortraitUpsideDown UIInterfaceOrientationLandscapeLeft UIInterfaceOrientationLandscapeRight";
				INFOPLIST_KEY_UISupportedInterfaceOrientations_iPhone = "UIInterfaceOrientationPortrait UIInterfaceOrientationLandscapeLeft UIInterfaceOrientationLandscapeRight";
				LD_RUNPATH_SEARCH_PATHS = (
					"$(inherited)",
					"@executable_path/Frameworks",
				);
				MARKETING_VERSION = 1.0;
				PRODUCT_BUNDLE_IDENTIFIER = "com.journey.one-two-tree";
				PRODUCT_NAME = "$(TARGET_NAME)";
				SWIFT_EMIT_LOC_STRINGS = YES;
				SWIFT_VERSION = 5.0;
				TARGETED_DEVICE_FAMILY = "1,2";
			};
			name = Release;
		};
/* End XCBuildConfiguration section */

/* Begin XCConfigurationList section */
		D740614928056C770025072E /* Build configuration list for PBXProject "one.two.tree" */ = {
			isa = XCConfigurationList;
			buildConfigurations = (
				D740615F28056C780025072E /* Debug */,
				D740616028056C780025072E /* Release */,
			);
			defaultConfigurationIsVisible = 0;
			defaultConfigurationName = Release;
		};
		D740616128056C780025072E /* Build configuration list for PBXNativeTarget "one.two.tree" */ = {
			isa = XCConfigurationList;
			buildConfigurations = (
				D740616228056C780025072E /* Debug */,
				D740616328056C780025072E /* Release */,
			);
			defaultConfigurationIsVisible = 0;
			defaultConfigurationName = Release;
		};
/* End XCConfigurationList section */

/* Begin XCVersionGroup section */
		D740615C28056C780025072E /* one_two_tree.xcdatamodeld */ = {
			isa = XCVersionGroup;
			children = (
				D740615D28056C780025072E /* one_two_tree.xcdatamodel */,
			);
			currentVersion = D740615D28056C780025072E /* one_two_tree.xcdatamodel */;
			path = one_two_tree.xcdatamodeld;
			sourceTree = "<group>";
			versionGroupType = wrapper.xcdatamodel;
		};
/* End XCVersionGroup section */
	};
	rootObject = D740614628056C770025072E /* Project object */;
}
